{
    "version": 3,
    "terraform_version": "0.11.13",
    "serial": 4,
    "lineage": "3f34d94d-d036-c6bc-a67e-522f97d43c50",
    "modules": [
        {
            "path": [
                "root"
            ],
            "outputs": {},
            "resources": {
                "google_container_cluster.sftp-swarm": {
                    "type": "google_container_cluster",
                    "depends_on": [],
                    "primary": {
                        "id": "sftp-swarm",
                        "attributes": {
                            "additional_zones.#": "0",
                            "addons_config.#": "1",
                            "addons_config.0.horizontal_pod_autoscaling.#": "0",
                            "addons_config.0.http_load_balancing.#": "0",
                            "addons_config.0.kubernetes_dashboard.#": "1",
                            "addons_config.0.kubernetes_dashboard.0.disabled": "true",
                            "addons_config.0.network_policy_config.#": "1",
                            "addons_config.0.network_policy_config.0.disabled": "true",
                            "cluster_autoscaling.#": "0",
                            "cluster_ipv4_cidr": "10.48.0.0/14",
                            "description": "",
                            "enable_kubernetes_alpha": "false",
                            "enable_legacy_abac": "false",
                            "endpoint": "35.233.6.176",
                            "id": "sftp-swarm",
                            "initial_node_count": "3",
                            "instance_group_urls.#": "1",
                            "instance_group_urls.0": "https://www.googleapis.com/compute/v1/projects/playground-s-11-8679b2/zones/europe-west1-b/instanceGroups/gke-sftp-swarm-default-pool-135ba72c-grp",
                            "ip_allocation_policy.#": "0",
                            "location": "europe-west1-b",
                            "logging_service": "logging.googleapis.com",
                            "maintenance_policy.#": "0",
                            "master_auth.#": "1",
                            "master_auth.0.client_certificate": "",
                            "master_auth.0.client_certificate_config.#": "1",
                            "master_auth.0.client_certificate_config.0.issue_client_certificate": "false",
                            "master_auth.0.client_key": "",
                            "master_auth.0.cluster_ca_certificate": "LS0tLS1CRUdJTiBDRVJUSUZJQ0FURS0tLS0tCk1JSURERENDQWZTZ0F3SUJBZ0lSQVBaOGNleWNOamRoZ1BRR2h4eDJYNVl3RFFZSktvWklodmNOQVFFTEJRQXcKTHpFdE1Dc0dBMVVFQXhNa09HUmpNMlV6WmpJdE5HWmtPUzAwWmpBeExUZzBabU10WVRJeE16VXhNelF3WVRVMgpNQjRYRFRFNU1Ea3lOekUzTXpBME5Gb1hEVEkwTURreU5URTRNekEwTkZvd0x6RXRNQ3NHQTFVRUF4TWtPR1JqCk0yVXpaakl0Tkdaa09TMDBaakF4TFRnMFptTXRZVEl4TXpVeE16UXdZVFUyTUlJQklqQU5CZ2txaGtpRzl3MEIKQVFFRkFBT0NBUThBTUlJQkNnS0NBUUVBNk1rWGRvSlpsVUdoS0lrY2hzeTdFbGhYYnJCcmN0Snp6Y1MrY0VuaQp3L1pxNGx4WDFYWDdBTGdOOEhWUXJ0RVhEQXdNQjFYMGpiNW9KcWJGaGZlbVplM3B0cnhLenVtelJrTjVjQVpnCkFtbUxrU1FWTFVxUEcyNzR4S1ZvT0dXL0VXZ3Rlb2VNeVEwZGxQbjVFdm1kK0FNTytWbWJYSHhPSFpuYnN4ZmYKbXlaOThpUHV0ZFNuT0ZRTU5YTjVTclhHMEZuamNWN0o0WWY2bmNjTk5vWW11ZHpGcmprZjhBbTVwTjRzMDZHbgpDd0JSSCtCR1VaVW1wVFJmY2U2QlF4WU5hNmhUSXJRUi9UTUpGdzBzYVJ5aUpnMW5tSmxWZitWK0xaL1FjMzF2CkJ2SWlGSWo5M2d3Rkh5Q0xIZE9XbnJQVmFpYkVHN2NQMTRoZmZqNkNaeldUTndJREFRQUJveU13SVRBT0JnTlYKSFE4QkFmOEVCQU1DQWdRd0R3WURWUjBUQVFIL0JBVXdBd0VCL3pBTkJna3Foa2lHOXcwQkFRc0ZBQU9DQVFFQQpMbzRxRGFMeE1RU1IydHRwZGdQc3NBTUs3cEJMRGFIZ05wb2VnSlhjQm1WK2dJbW02WVVZY1Q0c29RVXBFa1lSCllDZXVlZkhHSW1sTk5CK2I1NG8rejJBT05JK29DWTM1RnVGQW8vck43RmJGSUdCMmV0U2g2MEtPMTFhUjYrcS8KOEEyMnJ2ZmM0MFpvRzZpNW1iSHdWdE9zcXR3RU9aUjhoZFg2bUJmcERWOU1XZTZweHNxMXp2U3pudW1XWS9WSAo1bXJUZWpNRmtyekpRYnU0MElFQkZoY1FLbVF5ZmpqTDJKQ09PV2xGZWdEUnVSVTFGWkRab1RVR1VlVDZUaUh0ClZ3WGRGbnlHNjFSMUR2bE9jWEE0c2JSZHRKZStKbUFTcHRYR0VSa01OSnliMFR5ZEtLWXdFQktGZmFWbzE4aUgKN0ZzRXQ4b2JJSzBJNWdRcDZmOTUrUT09Ci0tLS0tRU5EIENFUlRJRklDQVRFLS0tLS0K",
                            "master_auth.0.password": "",
                            "master_auth.0.username": "",
                            "master_authorized_networks_config.#": "0",
                            "master_version": "1.13.7-gke.8",
                            "monitoring_service": "monitoring.googleapis.com",
                            "name": "sftp-swarm",
                            "network": "projects/playground-s-11-8679b2/global/networks/default",
                            "network_policy.#": "1",
                            "network_policy.0.enabled": "false",
                            "network_policy.0.provider": "PROVIDER_UNSPECIFIED",
                            "node_config.#": "1",
                            "node_config.0.disk_size_gb": "100",
                            "node_config.0.disk_type": "pd-standard",
                            "node_config.0.guest_accelerator.#": "0",
                            "node_config.0.image_type": "COS",
                            "node_config.0.labels.%": "1",
                            "node_config.0.labels.clusname": "sftp-swarm",
                            "node_config.0.local_ssd_count": "0",
                            "node_config.0.machine_type": "n1-standard-1",
                            "node_config.0.metadata.%": "1",
                            "node_config.0.metadata.disable-legacy-endpoints": "true",
                            "node_config.0.min_cpu_platform": "",
                            "node_config.0.oauth_scopes.#": "3",
                            "node_config.0.oauth_scopes.1277378754": "https://www.googleapis.com/auth/monitoring",
                            "node_config.0.oauth_scopes.1632638332": "https://www.googleapis.com/auth/devstorage.read_only",
                            "node_config.0.oauth_scopes.172152165": "https://www.googleapis.com/auth/logging.write",
                            "node_config.0.preemptible": "false",
                            "node_config.0.sandbox_config.#": "0",
                            "node_config.0.service_account": "default",
                            "node_config.0.tags.#": "2",
                            "node_config.0.tags.0": "clusname",
                            "node_config.0.tags.1": "sftp-swarm",
                            "node_config.0.taint.#": "0",
                            "node_config.0.workload_metadata_config.#": "0",
                            "node_locations.#": "0",
                            "node_pool.#": "1",
                            "node_pool.0.autoscaling.#": "0",
                            "node_pool.0.initial_node_count": "3",
                            "node_pool.0.instance_group_urls.#": "1",
                            "node_pool.0.instance_group_urls.0": "https://www.googleapis.com/compute/v1/projects/playground-s-11-8679b2/zones/europe-west1-b/instanceGroupManagers/gke-sftp-swarm-default-pool-135ba72c-grp",
                            "node_pool.0.management.#": "1",
                            "node_pool.0.management.0.auto_repair": "false",
                            "node_pool.0.management.0.auto_upgrade": "false",
                            "node_pool.0.max_pods_per_node": "0",
                            "node_pool.0.name": "default-pool",
                            "node_pool.0.name_prefix": "",
                            "node_pool.0.node_config.#": "1",
                            "node_pool.0.node_config.0.disk_size_gb": "100",
                            "node_pool.0.node_config.0.disk_type": "pd-standard",
                            "node_pool.0.node_config.0.guest_accelerator.#": "0",
                            "node_pool.0.node_config.0.image_type": "COS",
                            "node_pool.0.node_config.0.labels.%": "1",
                            "node_pool.0.node_config.0.labels.clusname": "sftp-swarm",
                            "node_pool.0.node_config.0.local_ssd_count": "0",
                            "node_pool.0.node_config.0.machine_type": "n1-standard-1",
                            "node_pool.0.node_config.0.metadata.%": "1",
                            "node_pool.0.node_config.0.metadata.disable-legacy-endpoints": "true",
                            "node_pool.0.node_config.0.min_cpu_platform": "",
                            "node_pool.0.node_config.0.oauth_scopes.#": "3",
                            "node_pool.0.node_config.0.oauth_scopes.1277378754": "https://www.googleapis.com/auth/monitoring",
                            "node_pool.0.node_config.0.oauth_scopes.1632638332": "https://www.googleapis.com/auth/devstorage.read_only",
                            "node_pool.0.node_config.0.oauth_scopes.172152165": "https://www.googleapis.com/auth/logging.write",
                            "node_pool.0.node_config.0.preemptible": "false",
                            "node_pool.0.node_config.0.sandbox_config.#": "0",
                            "node_pool.0.node_config.0.service_account": "default",
                            "node_pool.0.node_config.0.tags.#": "2",
                            "node_pool.0.node_config.0.tags.0": "clusname",
                            "node_pool.0.node_config.0.tags.1": "sftp-swarm",
                            "node_pool.0.node_config.0.taint.#": "0",
                            "node_pool.0.node_config.0.workload_metadata_config.#": "0",
                            "node_pool.0.node_count": "3",
                            "node_pool.0.version": "1.13.7-gke.8",
                            "node_version": "1.13.7-gke.8",
                            "private_cluster_config.#": "0",
                            "project": "playground-s-11-8679b2",
                            "resource_labels.%": "0",
                            "services_ipv4_cidr": "10.51.240.0/20",
                            "subnetwork": "projects/playground-s-11-8679b2/regions/europe-west1/subnetworks/default",
                            "zone": "europe-west1-b"
                        },
                        "meta": {
                            "e2bfb730-ecaa-11e6-8f88-34363bc7c4c0": {
                                "create": 1800000000000,
                                "delete": 1800000000000,
                                "update": 2400000000000
                            },
                            "schema_version": "1"
                        },
                        "tainted": false
                    },
                    "deposed": [],
                    "provider": "provider.google"
                }
            },
            "depends_on": []
        }
    ]
}
