{
    "version": 3,
    "terraform_version": "0.11.13",
    "serial": 3,
    "lineage": "3f34d94d-d036-c6bc-a67e-522f97d43c50",
    "modules": [
        {
            "path": [
                "root"
            ],
            "outputs": {},
            "resources": {
                "google_container_cluster.sftp-swarm": {
                    "type": "google_container_cluster",
                    "depends_on": [],
                    "primary": {
                        "id": "sftp-swarm",
                        "attributes": {
                            "additional_zones.#": "0",
                            "addons_config.#": "1",
                            "addons_config.0.horizontal_pod_autoscaling.#": "0",
                            "addons_config.0.http_load_balancing.#": "0",
                            "addons_config.0.kubernetes_dashboard.#": "1",
                            "addons_config.0.kubernetes_dashboard.0.disabled": "true",
                            "addons_config.0.network_policy_config.#": "1",
                            "addons_config.0.network_policy_config.0.disabled": "true",
                            "cluster_autoscaling.#": "0",
                            "cluster_ipv4_cidr": "10.48.0.0/14",
                            "description": "",
                            "enable_kubernetes_alpha": "false",
                            "enable_legacy_abac": "false",
                            "endpoint": "34.77.237.175",
                            "id": "sftp-swarm",
                            "initial_node_count": "3",
                            "instance_group_urls.#": "1",
                            "instance_group_urls.0": "https://www.googleapis.com/compute/v1/projects/playground-s-11-8679b2/zones/europe-west1-b/instanceGroups/gke-sftp-swarm-default-pool-74d1f7c4-grp",
                            "ip_allocation_policy.#": "0",
                            "location": "europe-west1-b",
                            "logging_service": "logging.googleapis.com",
                            "maintenance_policy.#": "0",
                            "master_auth.#": "1",
                            "master_auth.0.client_certificate": "",
                            "master_auth.0.client_certificate_config.#": "1",
                            "master_auth.0.client_certificate_config.0.issue_client_certificate": "false",
                            "master_auth.0.client_key": "",
                            "master_auth.0.cluster_ca_certificate": "LS0tLS1CRUdJTiBDRVJUSUZJQ0FURS0tLS0tCk1JSURDekNDQWZPZ0F3SUJBZ0lRQ2VPbXprcm50VTJiTEJiSGVrRnZOREFOQmdrcWhraUc5dzBCQVFzRkFEQXYKTVMwd0t3WURWUVFERXlRME9EUXdaVFl5TXkxaU5UbGxMVFJtWldVdE9EWTNNaTFtTm1VMVltVmlOak5tWTJJdwpIaGNOTVRrd09USTNNVFl6T1RVMldoY05NalF3T1RJMU1UY3pPVFUyV2pBdk1TMHdLd1lEVlFRREV5UTBPRFF3ClpUWXlNeTFpTlRsbExUUm1aV1V0T0RZM01pMW1ObVUxWW1WaU5qTm1ZMkl3Z2dFaU1BMEdDU3FHU0liM0RRRUIKQVFVQUE0SUJEd0F3Z2dFS0FvSUJBUUMwOUZwOHkwUFZva2NzTjBUc2FrVmVKSUFhSEsvYmtUNFFOUXhoUWJaSgpxM3JITTBXTzNiM2hPU21LYXkvUUEyMENYdXRTakhhbEFlcWtFL1FtYmhEK2QzTXFSaEJ4R0lyQ3M0d0daWnhnCmwyUnpqeE9GM1VqSmp1ckNGZXh5QTlXNlJOdWRBU3cxZzdqNThYNVkyYmhOUkFHK3VXRjdCNGJGL0VhWlZRR1EKUGhCS1Z5RDBRbzJVT08vdWw0WTVCUEhxb3FtTlBaZDdaZUhEVlVPSXcycnZPSVhMdDNGQVBhbzhFb3lMYis5NwpNby9oN0NyZFpkdk1sSi94d3J6Q3NBWGhxdlE2U1pVV1BYNVFNb2p1RUh5UWVlajkrc0g3WjlFTzBDNk4vclRuCjRBb0M3Mm1RcFN6UDdESElyK3lSU0p6QVBPUjdJT2NkYjZnWStYdUdJd2lEQWdNQkFBR2pJekFoTUE0R0ExVWQKRHdFQi93UUVBd0lDQkRBUEJnTlZIUk1CQWY4RUJUQURBUUgvTUEwR0NTcUdTSWIzRFFFQkN3VUFBNElCQVFBVgpGaWVTWUwxZzJpaHBvNXpyK0FPamZReXUvM09uaWJWWkJqaGY3R0ROTUoyS0VrS1BURHg5MTlyRThldUNPYnpRCnNlSy9FWlNHSVpDZm1FQ04wVWZLZGs4VmVDcGJCajhiakNua0UxLy80RVByVzhoUlVDMDAwOGp6eDZCQmVQWC8Kc3dMUGtEQlB4WjVnY0dEcWNvMmgvSDVXcUJTOTV3SEFTMmYrSUJsY1NrQTJEeUgwYndjck1XWmxOeXFaSS90MApVdnM3SkkydlovVzR1V1hMUWdRaEN2cU9PWWZIaENqVHNBWGdyTUlpd254Si92NUVpQ0s3WUEvaStYSkVuTGZ5Cm8vYWJQNHhMRFZ5djhpSS9qU3QwNWF1TGFPQ0lMZ0ViQjBLLzRLZ082d3hxODkzcUVWY1hNWXZUWndvWDdHSEsKWWtYNGFNcHM2bDRPdHkxWWxBR24KLS0tLS1FTkQgQ0VSVElGSUNBVEUtLS0tLQo=",
                            "master_auth.0.password": "",
                            "master_auth.0.username": "",
                            "master_authorized_networks_config.#": "0",
                            "master_version": "1.13.7-gke.8",
                            "monitoring_service": "monitoring.googleapis.com",
                            "name": "sftp-swarm",
                            "network": "projects/playground-s-11-8679b2/global/networks/default",
                            "network_policy.#": "1",
                            "network_policy.0.enabled": "false",
                            "network_policy.0.provider": "PROVIDER_UNSPECIFIED",
                            "node_config.#": "1",
                            "node_config.0.disk_size_gb": "100",
                            "node_config.0.disk_type": "pd-standard",
                            "node_config.0.guest_accelerator.#": "0",
                            "node_config.0.image_type": "COS",
                            "node_config.0.labels.%": "1",
                            "node_config.0.labels.clusname": "sftp-swarm",
                            "node_config.0.local_ssd_count": "0",
                            "node_config.0.machine_type": "n1-standard-1",
                            "node_config.0.metadata.%": "1",
                            "node_config.0.metadata.disable-legacy-endpoints": "true",
                            "node_config.0.min_cpu_platform": "",
                            "node_config.0.oauth_scopes.#": "2",
                            "node_config.0.oauth_scopes.1277378754": "https://www.googleapis.com/auth/monitoring",
                            "node_config.0.oauth_scopes.172152165": "https://www.googleapis.com/auth/logging.write",
                            "node_config.0.preemptible": "false",
                            "node_config.0.sandbox_config.#": "0",
                            "node_config.0.service_account": "default",
                            "node_config.0.tags.#": "2",
                            "node_config.0.tags.0": "clusname",
                            "node_config.0.tags.1": "sftp-swarm",
                            "node_config.0.taint.#": "0",
                            "node_config.0.workload_metadata_config.#": "0",
                            "node_locations.#": "0",
                            "node_pool.#": "1",
                            "node_pool.0.autoscaling.#": "0",
                            "node_pool.0.initial_node_count": "3",
                            "node_pool.0.instance_group_urls.#": "1",
                            "node_pool.0.instance_group_urls.0": "https://www.googleapis.com/compute/v1/projects/playground-s-11-8679b2/zones/europe-west1-b/instanceGroupManagers/gke-sftp-swarm-default-pool-74d1f7c4-grp",
                            "node_pool.0.management.#": "1",
                            "node_pool.0.management.0.auto_repair": "false",
                            "node_pool.0.management.0.auto_upgrade": "false",
                            "node_pool.0.max_pods_per_node": "0",
                            "node_pool.0.name": "default-pool",
                            "node_pool.0.name_prefix": "",
                            "node_pool.0.node_config.#": "1",
                            "node_pool.0.node_config.0.disk_size_gb": "100",
                            "node_pool.0.node_config.0.disk_type": "pd-standard",
                            "node_pool.0.node_config.0.guest_accelerator.#": "0",
                            "node_pool.0.node_config.0.image_type": "COS",
                            "node_pool.0.node_config.0.labels.%": "1",
                            "node_pool.0.node_config.0.labels.clusname": "sftp-swarm",
                            "node_pool.0.node_config.0.local_ssd_count": "0",
                            "node_pool.0.node_config.0.machine_type": "n1-standard-1",
                            "node_pool.0.node_config.0.metadata.%": "1",
                            "node_pool.0.node_config.0.metadata.disable-legacy-endpoints": "true",
                            "node_pool.0.node_config.0.min_cpu_platform": "",
                            "node_pool.0.node_config.0.oauth_scopes.#": "2",
                            "node_pool.0.node_config.0.oauth_scopes.1277378754": "https://www.googleapis.com/auth/monitoring",
                            "node_pool.0.node_config.0.oauth_scopes.172152165": "https://www.googleapis.com/auth/logging.write",
                            "node_pool.0.node_config.0.preemptible": "false",
                            "node_pool.0.node_config.0.sandbox_config.#": "0",
                            "node_pool.0.node_config.0.service_account": "default",
                            "node_pool.0.node_config.0.tags.#": "2",
                            "node_pool.0.node_config.0.tags.0": "clusname",
                            "node_pool.0.node_config.0.tags.1": "sftp-swarm",
                            "node_pool.0.node_config.0.taint.#": "0",
                            "node_pool.0.node_config.0.workload_metadata_config.#": "0",
                            "node_pool.0.node_count": "0",
                            "node_pool.0.version": "1.13.7-gke.8",
                            "node_version": "1.13.7-gke.8",
                            "private_cluster_config.#": "0",
                            "project": "playground-s-11-8679b2",
                            "resource_labels.%": "0",
                            "services_ipv4_cidr": "10.51.240.0/20",
                            "subnetwork": "projects/playground-s-11-8679b2/regions/europe-west1/subnetworks/default",
                            "zone": "europe-west1-b"
                        },
                        "meta": {
                            "e2bfb730-ecaa-11e6-8f88-34363bc7c4c0": {
                                "create": 1800000000000,
                                "delete": 1800000000000,
                                "update": 2400000000000
                            },
                            "schema_version": "1"
                        },
                        "tainted": false
                    },
                    "deposed": [],
                    "provider": "provider.google"
                }
            },
            "depends_on": []
        }
    ]
}
